// !$*UTF8*$!
{
	archiveVersion = 1;
	classes = {
	};
	objectVersion = 77;
	objects = {

/* Begin PBXBuildFile section */
		97162C672D0170EE005ACCA9 /* SwiftGraph in Frameworks */ = {isa = PBXBuildFile; productRef = 97162C662D0170ED005ACCA9 /* SwiftGraph */; };
		97162CBE2D04825C005ACCA9 /* Benchmark in Frameworks */ = {isa = PBXBuildFile; productRef = 97162CBD2D04825C005ACCA9 /* Benchmark */; };
		971CF2862CFC6A4800C6D41E /* Algorithms in Frameworks */ = {isa = PBXBuildFile; productRef = 971CF2852CFC6A4800C6D41E /* Algorithms */; };
		97DD11162D048B6200D8D61C /* aoc2024Data.framework in Frameworks */ = {isa = PBXBuildFile; fileRef = 97162CC42D048362005ACCA9 /* aoc2024Data.framework */; };
		97DD11172D048B6200D8D61C /* aoc2024Data.framework in Embed Frameworks */ = {isa = PBXBuildFile; fileRef = 97162CC42D048362005ACCA9 /* aoc2024Data.framework */; settings = {ATTRIBUTES = (CodeSignOnCopy, RemoveHeadersOnCopy, ); }; };
		97DD111C2D048B9300D8D61C /* aoc2024Framework.framework in Frameworks */ = {isa = PBXBuildFile; fileRef = 97162CD32D0483CD005ACCA9 /* aoc2024Framework.framework */; };
		97DD111D2D048B9300D8D61C /* aoc2024Framework.framework in Embed Frameworks */ = {isa = PBXBuildFile; fileRef = 97162CD32D0483CD005ACCA9 /* aoc2024Framework.framework */; settings = {ATTRIBUTES = (CodeSignOnCopy, RemoveHeadersOnCopy, ); }; };
		97DD111F2D048B9400D8D61C /* Testing.framework in Frameworks */ = {isa = PBXBuildFile; fileRef = 97DD11122D048AE700D8D61C /* Testing.framework */; };
		97DD11202D048B9400D8D61C /* Testing.framework in Embed Frameworks */ = {isa = PBXBuildFile; fileRef = 97DD11122D048AE700D8D61C /* Testing.framework */; settings = {ATTRIBUTES = (CodeSignOnCopy, RemoveHeadersOnCopy, ); }; };
		97DD11212D048B9600D8D61C /* aoc2024Data.framework in Frameworks */ = {isa = PBXBuildFile; fileRef = 97162CC42D048362005ACCA9 /* aoc2024Data.framework */; };
		97DD11222D048B9600D8D61C /* aoc2024Data.framework in Embed Frameworks */ = {isa = PBXBuildFile; fileRef = 97162CC42D048362005ACCA9 /* aoc2024Data.framework */; settings = {ATTRIBUTES = (CodeSignOnCopy, RemoveHeadersOnCopy, ); }; };
		97DD11242D048B9700D8D61C /* aoc2024Framework.framework in Frameworks */ = {isa = PBXBuildFile; fileRef = 97162CD32D0483CD005ACCA9 /* aoc2024Framework.framework */; };
		97DD11252D048B9700D8D61C /* aoc2024Framework.framework in Embed Frameworks */ = {isa = PBXBuildFile; fileRef = 97162CD32D0483CD005ACCA9 /* aoc2024Framework.framework */; settings = {ATTRIBUTES = (CodeSignOnCopy, RemoveHeadersOnCopy, ); }; };
		97DD11262D048B9A00D8D61C /* aoc2024Framework.framework in Frameworks */ = {isa = PBXBuildFile; fileRef = 97162CD32D0483CD005ACCA9 /* aoc2024Framework.framework */; };
		97DD11272D048B9A00D8D61C /* aoc2024Framework.framework in Embed Frameworks */ = {isa = PBXBuildFile; fileRef = 97162CD32D0483CD005ACCA9 /* aoc2024Framework.framework */; settings = {ATTRIBUTES = (CodeSignOnCopy, RemoveHeadersOnCopy, ); }; };
		97DD11292D048B9B00D8D61C /* aoc2024Tasks.framework in Frameworks */ = {isa = PBXBuildFile; fileRef = 9786B9262CFB6AA90041D520 /* aoc2024Tasks.framework */; };
		97DD112A2D048B9B00D8D61C /* aoc2024Tasks.framework in Embed Frameworks */ = {isa = PBXBuildFile; fileRef = 9786B9262CFB6AA90041D520 /* aoc2024Tasks.framework */; settings = {ATTRIBUTES = (CodeSignOnCopy, RemoveHeadersOnCopy, ); }; };
		97DD112B2D048B9D00D8D61C /* Testing.framework in Frameworks */ = {isa = PBXBuildFile; fileRef = 97DD11122D048AE700D8D61C /* Testing.framework */; };
		97DD112C2D048B9D00D8D61C /* Testing.framework in Embed Frameworks */ = {isa = PBXBuildFile; fileRef = 97DD11122D048AE700D8D61C /* Testing.framework */; settings = {ATTRIBUTES = (CodeSignOnCopy, RemoveHeadersOnCopy, ); }; };
		97DD11322D048E3B00D8D61C /* Testing.framework in Frameworks */ = {isa = PBXBuildFile; fileRef = 97DD11122D048AE700D8D61C /* Testing.framework */; };
		97DD11332D048E3B00D8D61C /* Testing.framework in Embed Frameworks */ = {isa = PBXBuildFile; fileRef = 97DD11122D048AE700D8D61C /* Testing.framework */; settings = {ATTRIBUTES = (CodeSignOnCopy, RemoveHeadersOnCopy, ); }; };
/* End PBXBuildFile section */

/* Begin PBXContainerItemProxy section */
		97162CDD2D0483D8005ACCA9 /* PBXContainerItemProxy */ = {
			isa = PBXContainerItemProxy;
			containerPortal = 9786B91D2CFB6AA90041D520 /* Project object */;
			proxyType = 1;
			remoteGlobalIDString = 97162CD22D0483CD005ACCA9;
			remoteInfo = aoc2024Framework;
		};
		97162CE52D0484FE005ACCA9 /* PBXContainerItemProxy */ = {
			isa = PBXContainerItemProxy;
			containerPortal = 9786B91D2CFB6AA90041D520 /* Project object */;
			proxyType = 1;
			remoteGlobalIDString = 97162CD22D0483CD005ACCA9;
			remoteInfo = aoc2024Framework;
		};
		97162CEA2D048570005ACCA9 /* PBXContainerItemProxy */ = {
			isa = PBXContainerItemProxy;
			containerPortal = 9786B91D2CFB6AA90041D520 /* Project object */;
			proxyType = 1;
			remoteGlobalIDString = 97162CC32D048362005ACCA9;
			remoteInfo = aoc2024Data;
		};
		97162CEF2D048615005ACCA9 /* PBXContainerItemProxy */ = {
			isa = PBXContainerItemProxy;
			containerPortal = 9786B91D2CFB6AA90041D520 /* Project object */;
			proxyType = 1;
			remoteGlobalIDString = 97162CD22D0483CD005ACCA9;
			remoteInfo = aoc2024Framework;
		};
		97162CF32D048654005ACCA9 /* PBXContainerItemProxy */ = {
			isa = PBXContainerItemProxy;
			containerPortal = 9786B91D2CFB6AA90041D520 /* Project object */;
			proxyType = 1;
			remoteGlobalIDString = 97162CC32D048362005ACCA9;
			remoteInfo = aoc2024Data;
		};
		97162CF72D0486AE005ACCA9 /* PBXContainerItemProxy */ = {
			isa = PBXContainerItemProxy;
			containerPortal = 9786B91D2CFB6AA90041D520 /* Project object */;
			proxyType = 1;
			remoteGlobalIDString = 9786B9252CFB6AA90041D520;
			remoteInfo = aoc2024Tasks;
		};
/* End PBXContainerItemProxy section */

/* Begin PBXCopyFilesBuildPhase section */
		97162CAA2D047DFB005ACCA9 /* CopyFiles */ = {
			isa = PBXCopyFilesBuildPhase;
			buildActionMask = 2147483647;
			dstPath = /usr/share/man/man1/;
			dstSubfolderSpec = 0;
			files = (
			);
			runOnlyForDeploymentPostprocessing = 1;
		};
		97DD11182D048B6200D8D61C /* Embed Frameworks */ = {
			isa = PBXCopyFilesBuildPhase;
			buildActionMask = 2147483647;
			dstPath = "";
			dstSubfolderSpec = 10;
			files = (
				97DD11172D048B6200D8D61C /* aoc2024Data.framework in Embed Frameworks */,
			);
			name = "Embed Frameworks";
			runOnlyForDeploymentPostprocessing = 0;
		};
		97DD111E2D048B9300D8D61C /* Embed Frameworks */ = {
			isa = PBXCopyFilesBuildPhase;
			buildActionMask = 2147483647;
			dstPath = "";
			dstSubfolderSpec = 10;
			files = (
				97DD111D2D048B9300D8D61C /* aoc2024Framework.framework in Embed Frameworks */,
				97DD11202D048B9400D8D61C /* Testing.framework in Embed Frameworks */,
			);
			name = "Embed Frameworks";
			runOnlyForDeploymentPostprocessing = 0;
		};
		97DD11232D048B9600D8D61C /* Embed Frameworks */ = {
			isa = PBXCopyFilesBuildPhase;
			buildActionMask = 2147483647;
			dstPath = "";
			dstSubfolderSpec = 10;
			files = (
				97DD11222D048B9600D8D61C /* aoc2024Data.framework in Embed Frameworks */,
				97DD11252D048B9700D8D61C /* aoc2024Framework.framework in Embed Frameworks */,
			);
			name = "Embed Frameworks";
			runOnlyForDeploymentPostprocessing = 0;
		};
		97DD11282D048B9A00D8D61C /* Embed Frameworks */ = {
			isa = PBXCopyFilesBuildPhase;
			buildActionMask = 2147483647;
			dstPath = "";
			dstSubfolderSpec = 10;
			files = (
				97DD11272D048B9A00D8D61C /* aoc2024Framework.framework in Embed Frameworks */,
				97DD11332D048E3B00D8D61C /* Testing.framework in Embed Frameworks */,
				97DD112A2D048B9B00D8D61C /* aoc2024Tasks.framework in Embed Frameworks */,
			);
			name = "Embed Frameworks";
			runOnlyForDeploymentPostprocessing = 0;
		};
		97DD112D2D048B9D00D8D61C /* Embed Frameworks */ = {
			isa = PBXCopyFilesBuildPhase;
			buildActionMask = 2147483647;
			dstPath = "";
			dstSubfolderSpec = 10;
			files = (
				97DD112C2D048B9D00D8D61C /* Testing.framework in Embed Frameworks */,
			);
			name = "Embed Frameworks";
			runOnlyForDeploymentPostprocessing = 0;
		};
/* End PBXCopyFilesBuildPhase section */

/* Begin PBXFileReference section */
		97162CAC2D047DFB005ACCA9 /* aoc2024 */ = {isa = PBXFileReference; explicitFileType = "compiled.mach-o.executable"; includeInIndex = 0; path = aoc2024; sourceTree = BUILT_PRODUCTS_DIR; };
		97162CC42D048362005ACCA9 /* aoc2024Data.framework */ = {isa = PBXFileReference; explicitFileType = wrapper.framework; includeInIndex = 0; path = aoc2024Data.framework; sourceTree = BUILT_PRODUCTS_DIR; };
		97162CD32D0483CD005ACCA9 /* aoc2024Framework.framework */ = {isa = PBXFileReference; explicitFileType = wrapper.framework; includeInIndex = 0; path = aoc2024Framework.framework; sourceTree = BUILT_PRODUCTS_DIR; };
		9786B9262CFB6AA90041D520 /* aoc2024Tasks.framework */ = {isa = PBXFileReference; explicitFileType = wrapper.framework; includeInIndex = 0; path = aoc2024Tasks.framework; sourceTree = BUILT_PRODUCTS_DIR; };
		9786B92E2CFB6AA90041D520 /* aoc2024Tests.xctest */ = {isa = PBXFileReference; explicitFileType = wrapper.cfbundle; includeInIndex = 0; path = aoc2024Tests.xctest; sourceTree = BUILT_PRODUCTS_DIR; };
		97DD11122D048AE700D8D61C /* Testing.framework */ = {isa = PBXFileReference; lastKnownFileType = wrapper.framework; name = Testing.framework; path = Platforms/MacOSX.platform/Developer/Library/Frameworks/Testing.framework; sourceTree = DEVELOPER_DIR; };
/* End PBXFileReference section */

/* Begin PBXFileSystemSynchronizedBuildFileExceptionSet section */
		97162CC82D048362005ACCA9 /* Exceptions for "aoc2024Data" folder in "aoc2024Data" target */ = {
			isa = PBXFileSystemSynchronizedBuildFileExceptionSet;
			publicHeaders = (
				aoc2024Data.h,
			);
			target = 97162CC32D048362005ACCA9 /* aoc2024Data */;
		};
		97162CD72D0483CD005ACCA9 /* Exceptions for "aoc2024Framework" folder in "aoc2024Framework" target */ = {
			isa = PBXFileSystemSynchronizedBuildFileExceptionSet;
			publicHeaders = (
				aoc2024Framework.h,
			);
			target = 97162CD22D0483CD005ACCA9 /* aoc2024Framework */;
		};
		9786B9362CFB6AA90041D520 /* Exceptions for "aoc2024Tasks" folder in "aoc2024Tasks" target */ = {
			isa = PBXFileSystemSynchronizedBuildFileExceptionSet;
			publicHeaders = (
				aoc2024Tasks.h,
			);
			target = 9786B9252CFB6AA90041D520 /* aoc2024Tasks */;
		};
		97ECFA6C2CFE47330026FC76 /* Exceptions for "aoc2024Tests" folder in "aoc2024Tests" target */ = {
			isa = PBXFileSystemSynchronizedBuildFileExceptionSet;
			membershipExceptions = (
				aoc2024Tests.xctestplan,
			);
			target = 9786B92D2CFB6AA90041D520 /* aoc2024Tests */;
		};
/* End PBXFileSystemSynchronizedBuildFileExceptionSet section */

/* Begin PBXFileSystemSynchronizedRootGroup section */
		97162CAD2D047DFB005ACCA9 /* aoc2024 */ = {
			isa = PBXFileSystemSynchronizedRootGroup;
			path = aoc2024;
			sourceTree = "<group>";
		};
		97162CC52D048362005ACCA9 /* aoc2024Data */ = {
			isa = PBXFileSystemSynchronizedRootGroup;
			exceptions = (
				97162CC82D048362005ACCA9 /* Exceptions for "aoc2024Data" folder in "aoc2024Data" target */,
			);
			path = aoc2024Data;
			sourceTree = "<group>";
		};
		97162CD42D0483CD005ACCA9 /* aoc2024Framework */ = {
			isa = PBXFileSystemSynchronizedRootGroup;
			exceptions = (
				97162CD72D0483CD005ACCA9 /* Exceptions for "aoc2024Framework" folder in "aoc2024Framework" target */,
			);
			path = aoc2024Framework;
			sourceTree = "<group>";
		};
		9786B9282CFB6AA90041D520 /* aoc2024Tasks */ = {
			isa = PBXFileSystemSynchronizedRootGroup;
			exceptions = (
				9786B9362CFB6AA90041D520 /* Exceptions for "aoc2024Tasks" folder in "aoc2024Tasks" target */,
			);
			path = aoc2024Tasks;
			sourceTree = "<group>";
		};
		9786B9322CFB6AA90041D520 /* aoc2024Tests */ = {
			isa = PBXFileSystemSynchronizedRootGroup;
			exceptions = (
				97ECFA6C2CFE47330026FC76 /* Exceptions for "aoc2024Tests" folder in "aoc2024Tests" target */,
			);
			path = aoc2024Tests;
			sourceTree = "<group>";
		};
/* End PBXFileSystemSynchronizedRootGroup section */

/* Begin PBXFrameworksBuildPhase section */
		97162CA92D047DFB005ACCA9 /* Frameworks */ = {
			isa = PBXFrameworksBuildPhase;
			buildActionMask = 2147483647;
			files = (
				97DD11162D048B6200D8D61C /* aoc2024Data.framework in Frameworks */,
				97162CBE2D04825C005ACCA9 /* Benchmark in Frameworks */,
			);
			runOnlyForDeploymentPostprocessing = 0;
		};
		97162CC12D048362005ACCA9 /* Frameworks */ = {
			isa = PBXFrameworksBuildPhase;
			buildActionMask = 2147483647;
			files = (
				97DD11262D048B9A00D8D61C /* aoc2024Framework.framework in Frameworks */,
				97DD11322D048E3B00D8D61C /* Testing.framework in Frameworks */,
				97DD11292D048B9B00D8D61C /* aoc2024Tasks.framework in Frameworks */,
			);
			runOnlyForDeploymentPostprocessing = 0;
		};
		97162CD02D0483CD005ACCA9 /* Frameworks */ = {
			isa = PBXFrameworksBuildPhase;
			buildActionMask = 2147483647;
			files = (
				97DD112B2D048B9D00D8D61C /* Testing.framework in Frameworks */,
			);
			runOnlyForDeploymentPostprocessing = 0;
		};
		9786B9232CFB6AA90041D520 /* Frameworks */ = {
			isa = PBXFrameworksBuildPhase;
			buildActionMask = 2147483647;
			files = (
				971CF2862CFC6A4800C6D41E /* Algorithms in Frameworks */,
				97162C672D0170EE005ACCA9 /* SwiftGraph in Frameworks */,
				97DD111C2D048B9300D8D61C /* aoc2024Framework.framework in Frameworks */,
				97DD111F2D048B9400D8D61C /* Testing.framework in Frameworks */,
			);
			runOnlyForDeploymentPostprocessing = 0;
		};
		9786B92B2CFB6AA90041D520 /* Frameworks */ = {
			isa = PBXFrameworksBuildPhase;
			buildActionMask = 2147483647;
			files = (
				97DD11212D048B9600D8D61C /* aoc2024Data.framework in Frameworks */,
				97DD11242D048B9700D8D61C /* aoc2024Framework.framework in Frameworks */,
			);
			runOnlyForDeploymentPostprocessing = 0;
		};
/* End PBXFrameworksBuildPhase section */

/* Begin PBXGroup section */
		97162CB32D047E10005ACCA9 /* Frameworks */ = {
			isa = PBXGroup;
			children = (
				97DD11122D048AE700D8D61C /* Testing.framework */,
			);
			name = Frameworks;
			sourceTree = "<group>";
		};
		9786B91C2CFB6AA90041D520 = {
			isa = PBXGroup;
			children = (
				9786B9282CFB6AA90041D520 /* aoc2024Tasks */,
				9786B9322CFB6AA90041D520 /* aoc2024Tests */,
				97162CAD2D047DFB005ACCA9 /* aoc2024 */,
				97162CC52D048362005ACCA9 /* aoc2024Data */,
				97162CD42D0483CD005ACCA9 /* aoc2024Framework */,
				97162CB32D047E10005ACCA9 /* Frameworks */,
				9786B9272CFB6AA90041D520 /* Products */,
			);
			sourceTree = "<group>";
		};
		9786B9272CFB6AA90041D520 /* Products */ = {
			isa = PBXGroup;
			children = (
				9786B9262CFB6AA90041D520 /* aoc2024Tasks.framework */,
				9786B92E2CFB6AA90041D520 /* aoc2024Tests.xctest */,
				97162CAC2D047DFB005ACCA9 /* aoc2024 */,
				97162CC42D048362005ACCA9 /* aoc2024Data.framework */,
				97162CD32D0483CD005ACCA9 /* aoc2024Framework.framework */,
			);
			name = Products;
			sourceTree = "<group>";
		};
/* End PBXGroup section */

/* Begin PBXHeadersBuildPhase section */
		97162CBF2D048362005ACCA9 /* Headers */ = {
			isa = PBXHeadersBuildPhase;
			buildActionMask = 2147483647;
			files = (
			);
			runOnlyForDeploymentPostprocessing = 0;
		};
		97162CCE2D0483CD005ACCA9 /* Headers */ = {
			isa = PBXHeadersBuildPhase;
			buildActionMask = 2147483647;
			files = (
			);
			runOnlyForDeploymentPostprocessing = 0;
		};
		9786B9212CFB6AA90041D520 /* Headers */ = {
			isa = PBXHeadersBuildPhase;
			buildActionMask = 2147483647;
			files = (
			);
			runOnlyForDeploymentPostprocessing = 0;
		};
/* End PBXHeadersBuildPhase section */

/* Begin PBXNativeTarget section */
		97162CAB2D047DFB005ACCA9 /* aoc2024 */ = {
			isa = PBXNativeTarget;
			buildConfigurationList = 97162CB02D047DFB005ACCA9 /* Build configuration list for PBXNativeTarget "aoc2024" */;
			buildPhases = (
				97162CA82D047DFB005ACCA9 /* Sources */,
				97162CA92D047DFB005ACCA9 /* Frameworks */,
				97162CAA2D047DFB005ACCA9 /* CopyFiles */,
				97DD11182D048B6200D8D61C /* Embed Frameworks */,
			);
			buildRules = (
			);
			dependencies = (
				97162CF42D048654005ACCA9 /* PBXTargetDependency */,
			);
			fileSystemSynchronizedGroups = (
				97162CAD2D047DFB005ACCA9 /* aoc2024 */,
			);
			name = aoc2024;
			packageProductDependencies = (
				97162CBD2D04825C005ACCA9 /* Benchmark */,
			);
			productName = aoc2024;
			productReference = 97162CAC2D047DFB005ACCA9 /* aoc2024 */;
			productType = "com.apple.product-type.tool";
		};
		97162CC32D048362005ACCA9 /* aoc2024Data */ = {
			isa = PBXNativeTarget;
			buildConfigurationList = 97162CC92D048362005ACCA9 /* Build configuration list for PBXNativeTarget "aoc2024Data" */;
			buildPhases = (
				97162CBF2D048362005ACCA9 /* Headers */,
				97162CC02D048362005ACCA9 /* Sources */,
				97162CC12D048362005ACCA9 /* Frameworks */,
				97162CC22D048362005ACCA9 /* Resources */,
				97DD11282D048B9A00D8D61C /* Embed Frameworks */,
			);
			buildRules = (
			);
			dependencies = (
				97162CE62D0484FE005ACCA9 /* PBXTargetDependency */,
				97162CF82D0486AE005ACCA9 /* PBXTargetDependency */,
			);
			fileSystemSynchronizedGroups = (
				97162CC52D048362005ACCA9 /* aoc2024Data */,
			);
			name = aoc2024Data;
			packageProductDependencies = (
			);
			productName = aoc2024Data;
			productReference = 97162CC42D048362005ACCA9 /* aoc2024Data.framework */;
			productType = "com.apple.product-type.framework";
		};
		97162CD22D0483CD005ACCA9 /* aoc2024Framework */ = {
			isa = PBXNativeTarget;
			buildConfigurationList = 97162CD82D0483CD005ACCA9 /* Build configuration list for PBXNativeTarget "aoc2024Framework" */;
			buildPhases = (
				97162CCE2D0483CD005ACCA9 /* Headers */,
				97162CCF2D0483CD005ACCA9 /* Sources */,
				97162CD02D0483CD005ACCA9 /* Frameworks */,
				97162CD12D0483CD005ACCA9 /* Resources */,
				97DD112D2D048B9D00D8D61C /* Embed Frameworks */,
			);
			buildRules = (
			);
			dependencies = (
			);
			fileSystemSynchronizedGroups = (
				97162CD42D0483CD005ACCA9 /* aoc2024Framework */,
			);
			name = aoc2024Framework;
			packageProductDependencies = (
			);
			productName = aoc2024Framework;
			productReference = 97162CD32D0483CD005ACCA9 /* aoc2024Framework.framework */;
			productType = "com.apple.product-type.framework";
		};
		9786B9252CFB6AA90041D520 /* aoc2024Tasks */ = {
			isa = PBXNativeTarget;
			buildConfigurationList = 9786B9372CFB6AA90041D520 /* Build configuration list for PBXNativeTarget "aoc2024Tasks" */;
			buildPhases = (
				9786B9212CFB6AA90041D520 /* Headers */,
				9786B9222CFB6AA90041D520 /* Sources */,
				9786B9232CFB6AA90041D520 /* Frameworks */,
				9786B9242CFB6AA90041D520 /* Resources */,
				97DD111E2D048B9300D8D61C /* Embed Frameworks */,
			);
			buildRules = (
			);
			dependencies = (
				97162CDE2D0483D8005ACCA9 /* PBXTargetDependency */,
			);
			fileSystemSynchronizedGroups = (
				9786B9282CFB6AA90041D520 /* aoc2024Tasks */,
			);
			name = aoc2024Tasks;
			packageProductDependencies = (
				971CF2852CFC6A4800C6D41E /* Algorithms */,
				97162C662D0170ED005ACCA9 /* SwiftGraph */,
			);
			productName = aoc2024;
			productReference = 9786B9262CFB6AA90041D520 /* aoc2024Tasks.framework */;
			productType = "com.apple.product-type.framework";
		};
		9786B92D2CFB6AA90041D520 /* aoc2024Tests */ = {
			isa = PBXNativeTarget;
			buildConfigurationList = 9786B93C2CFB6AA90041D520 /* Build configuration list for PBXNativeTarget "aoc2024Tests" */;
			buildPhases = (
				9786B92A2CFB6AA90041D520 /* Sources */,
				9786B92B2CFB6AA90041D520 /* Frameworks */,
				9786B92C2CFB6AA90041D520 /* Resources */,
				97DD11232D048B9600D8D61C /* Embed Frameworks */,
			);
			buildRules = (
			);
			dependencies = (
				97162CEB2D048570005ACCA9 /* PBXTargetDependency */,
				97162CF02D048615005ACCA9 /* PBXTargetDependency */,
			);
			fileSystemSynchronizedGroups = (
				9786B9322CFB6AA90041D520 /* aoc2024Tests */,
			);
			name = aoc2024Tests;
			packageProductDependencies = (
			);
			productName = aoc2024Tests;
			productReference = 9786B92E2CFB6AA90041D520 /* aoc2024Tests.xctest */;
			productType = "com.apple.product-type.bundle.unit-test";
		};
/* End PBXNativeTarget section */

/* Begin PBXProject section */
		9786B91D2CFB6AA90041D520 /* Project object */ = {
			isa = PBXProject;
			attributes = {
				BuildIndependentTargetsInParallel = 1;
				LastSwiftUpdateCheck = 1610;
				LastUpgradeCheck = 1610;
				TargetAttributes = {
					97162CAB2D047DFB005ACCA9 = {
						CreatedOnToolsVersion = 16.1;
					};
					97162CC32D048362005ACCA9 = {
						CreatedOnToolsVersion = 16.1;
						LastSwiftMigration = 1610;
					};
					97162CD22D0483CD005ACCA9 = {
						CreatedOnToolsVersion = 16.1;
					};
					9786B9252CFB6AA90041D520 = {
						CreatedOnToolsVersion = 16.1;
						LastSwiftMigration = 1610;
					};
					9786B92D2CFB6AA90041D520 = {
						CreatedOnToolsVersion = 16.1;
					};
				};
			};
			buildConfigurationList = 9786B9202CFB6AA90041D520 /* Build configuration list for PBXProject "aoc2024" */;
			developmentRegion = en;
			hasScannedForEncodings = 0;
			knownRegions = (
				en,
				Base,
			);
			mainGroup = 9786B91C2CFB6AA90041D520;
			minimizedProjectReferenceProxies = 1;
			packageReferences = (
				971CF2842CFC6A4800C6D41E /* XCRemoteSwiftPackageReference "swift-algorithms" */,
				97162C652D0170ED005ACCA9 /* XCRemoteSwiftPackageReference "SwiftGraph" */,
				97162CBC2D04825C005ACCA9 /* XCRemoteSwiftPackageReference "swift-benchmark" */,
			);
			preferredProjectObjectVersion = 77;
			productRefGroup = 9786B9272CFB6AA90041D520 /* Products */;
			projectDirPath = "";
			projectRoot = "";
			targets = (
				9786B9252CFB6AA90041D520 /* aoc2024Tasks */,
				9786B92D2CFB6AA90041D520 /* aoc2024Tests */,
				97162CAB2D047DFB005ACCA9 /* aoc2024 */,
				97162CC32D048362005ACCA9 /* aoc2024Data */,
				97162CD22D0483CD005ACCA9 /* aoc2024Framework */,
			);
		};
/* End PBXProject section */

/* Begin PBXResourcesBuildPhase section */
		97162CC22D048362005ACCA9 /* Resources */ = {
			isa = PBXResourcesBuildPhase;
			buildActionMask = 2147483647;
			files = (
			);
			runOnlyForDeploymentPostprocessing = 0;
		};
		97162CD12D0483CD005ACCA9 /* Resources */ = {
			isa = PBXResourcesBuildPhase;
			buildActionMask = 2147483647;
			files = (
			);
			runOnlyForDeploymentPostprocessing = 0;
		};
		9786B9242CFB6AA90041D520 /* Resources */ = {
			isa = PBXResourcesBuildPhase;
			buildActionMask = 2147483647;
			files = (
			);
			runOnlyForDeploymentPostprocessing = 0;
		};
		9786B92C2CFB6AA90041D520 /* Resources */ = {
			isa = PBXResourcesBuildPhase;
			buildActionMask = 2147483647;
			files = (
			);
			runOnlyForDeploymentPostprocessing = 0;
		};
/* End PBXResourcesBuildPhase section */

/* Begin PBXSourcesBuildPhase section */
		97162CA82D047DFB005ACCA9 /* Sources */ = {
			isa = PBXSourcesBuildPhase;
			buildActionMask = 2147483647;
			files = (
			);
			runOnlyForDeploymentPostprocessing = 0;
		};
		97162CC02D048362005ACCA9 /* Sources */ = {
			isa = PBXSourcesBuildPhase;
			buildActionMask = 2147483647;
			files = (
			);
			runOnlyForDeploymentPostprocessing = 0;
		};
		97162CCF2D0483CD005ACCA9 /* Sources */ = {
			isa = PBXSourcesBuildPhase;
			buildActionMask = 2147483647;
			files = (
			);
			runOnlyForDeploymentPostprocessing = 0;
		};
		9786B9222CFB6AA90041D520 /* Sources */ = {
			isa = PBXSourcesBuildPhase;
			buildActionMask = 2147483647;
			files = (
			);
			runOnlyForDeploymentPostprocessing = 0;
		};
		9786B92A2CFB6AA90041D520 /* Sources */ = {
			isa = PBXSourcesBuildPhase;
			buildActionMask = 2147483647;
			files = (
			);
			runOnlyForDeploymentPostprocessing = 0;
		};
/* End PBXSourcesBuildPhase section */

/* Begin PBXTargetDependency section */
		97162CDE2D0483D8005ACCA9 /* PBXTargetDependency */ = {
			isa = PBXTargetDependency;
			target = 97162CD22D0483CD005ACCA9 /* aoc2024Framework */;
			targetProxy = 97162CDD2D0483D8005ACCA9 /* PBXContainerItemProxy */;
		};
		97162CE62D0484FE005ACCA9 /* PBXTargetDependency */ = {
			isa = PBXTargetDependency;
			target = 97162CD22D0483CD005ACCA9 /* aoc2024Framework */;
			targetProxy = 97162CE52D0484FE005ACCA9 /* PBXContainerItemProxy */;
		};
		97162CEB2D048570005ACCA9 /* PBXTargetDependency */ = {
			isa = PBXTargetDependency;
			target = 97162CC32D048362005ACCA9 /* aoc2024Data */;
			targetProxy = 97162CEA2D048570005ACCA9 /* PBXContainerItemProxy */;
		};
		97162CF02D048615005ACCA9 /* PBXTargetDependency */ = {
			isa = PBXTargetDependency;
			target = 97162CD22D0483CD005ACCA9 /* aoc2024Framework */;
			targetProxy = 97162CEF2D048615005ACCA9 /* PBXContainerItemProxy */;
		};
		97162CF42D048654005ACCA9 /* PBXTargetDependency */ = {
			isa = PBXTargetDependency;
			target = 97162CC32D048362005ACCA9 /* aoc2024Data */;
			targetProxy = 97162CF32D048654005ACCA9 /* PBXContainerItemProxy */;
		};
		97162CF82D0486AE005ACCA9 /* PBXTargetDependency */ = {
			isa = PBXTargetDependency;
			target = 9786B9252CFB6AA90041D520 /* aoc2024Tasks */;
			targetProxy = 97162CF72D0486AE005ACCA9 /* PBXContainerItemProxy */;
		};
/* End PBXTargetDependency section */

/* Begin XCBuildConfiguration section */
		97162CB12D047DFB005ACCA9 /* Debug */ = {
			isa = XCBuildConfiguration;
			buildSettings = {
				CODE_SIGN_STYLE = Automatic;
				PRODUCT_NAME = "$(TARGET_NAME)";
				SWIFT_VERSION = 6.0;
			};
			name = Debug;
		};
		97162CB22D047DFB005ACCA9 /* Release */ = {
			isa = XCBuildConfiguration;
			buildSettings = {
				CODE_SIGN_STYLE = Automatic;
				PRODUCT_NAME = "$(TARGET_NAME)";
				SWIFT_VERSION = 6.0;
			};
			name = Release;
		};
		97162CCA2D048362005ACCA9 /* Debug */ = {
			isa = XCBuildConfiguration;
			buildSettings = {
				BUILD_LIBRARY_FOR_DISTRIBUTION = YES;
				CLANG_ENABLE_MODULES = YES;
				CODE_SIGN_STYLE = Automatic;
				COMBINE_HIDPI_IMAGES = YES;
				CURRENT_PROJECT_VERSION = 1;
				DEFINES_MODULE = YES;
				DYLIB_COMPATIBILITY_VERSION = 1;
				DYLIB_CURRENT_VERSION = 1;
				DYLIB_INSTALL_NAME_BASE = "@rpath";
				ENABLE_MODULE_VERIFIER = YES;
				GENERATE_INFOPLIST_FILE = YES;
				INFOPLIST_KEY_NSHumanReadableCopyright = "";
				INSTALL_PATH = "$(LOCAL_LIBRARY_DIR)/Frameworks";
				LD_RUNPATH_SEARCH_PATHS = (
					"$(inherited)",
					"@executable_path/../Frameworks",
					"@loader_path/Frameworks",
				);
				MARKETING_VERSION = 1.0;
				MODULE_VERIFIER_SUPPORTED_LANGUAGES = "objective-c objective-c++";
				MODULE_VERIFIER_SUPPORTED_LANGUAGE_STANDARDS = "gnu17 gnu++20";
				PRODUCT_BUNDLE_IDENTIFIER = vlaanderen.kevin.aoc2024Data;
				PRODUCT_NAME = "$(TARGET_NAME:c99extidentifier)";
				SKIP_INSTALL = YES;
				SWIFT_EMIT_LOC_STRINGS = YES;
				SWIFT_INSTALL_OBJC_HEADER = NO;
				SWIFT_OPTIMIZATION_LEVEL = "-Onone";
				SWIFT_VERSION = 6.0;
			};
			name = Debug;
		};
		97162CCB2D048362005ACCA9 /* Release */ = {
			isa = XCBuildConfiguration;
			buildSettings = {
				BUILD_LIBRARY_FOR_DISTRIBUTION = YES;
				CLANG_ENABLE_MODULES = YES;
				CODE_SIGN_STYLE = Automatic;
				COMBINE_HIDPI_IMAGES = YES;
				CURRENT_PROJECT_VERSION = 1;
				DEFINES_MODULE = YES;
				DYLIB_COMPATIBILITY_VERSION = 1;
				DYLIB_CURRENT_VERSION = 1;
				DYLIB_INSTALL_NAME_BASE = "@rpath";
				ENABLE_MODULE_VERIFIER = YES;
				GENERATE_INFOPLIST_FILE = YES;
				INFOPLIST_KEY_NSHumanReadableCopyright = "";
				INSTALL_PATH = "$(LOCAL_LIBRARY_DIR)/Frameworks";
				LD_RUNPATH_SEARCH_PATHS = (
					"$(inherited)",
					"@executable_path/../Frameworks",
					"@loader_path/Frameworks",
				);
				MARKETING_VERSION = 1.0;
				MODULE_VERIFIER_SUPPORTED_LANGUAGES = "objective-c objective-c++";
				MODULE_VERIFIER_SUPPORTED_LANGUAGE_STANDARDS = "gnu17 gnu++20";
				PRODUCT_BUNDLE_IDENTIFIER = vlaanderen.kevin.aoc2024Data;
				PRODUCT_NAME = "$(TARGET_NAME:c99extidentifier)";
				SKIP_INSTALL = YES;
				SWIFT_EMIT_LOC_STRINGS = YES;
				SWIFT_INSTALL_OBJC_HEADER = NO;
				SWIFT_VERSION = 6.0;
			};
			name = Release;
		};
		97162CD92D0483CD005ACCA9 /* Debug */ = {
			isa = XCBuildConfiguration;
			buildSettings = {
				BUILD_LIBRARY_FOR_DISTRIBUTION = YES;
				CODE_SIGN_STYLE = Automatic;
				COMBINE_HIDPI_IMAGES = YES;
				CURRENT_PROJECT_VERSION = 1;
				DEFINES_MODULE = YES;
				DYLIB_COMPATIBILITY_VERSION = 1;
				DYLIB_CURRENT_VERSION = 1;
				DYLIB_INSTALL_NAME_BASE = "@rpath";
				ENABLE_MODULE_VERIFIER = YES;
				GENERATE_INFOPLIST_FILE = YES;
				INFOPLIST_KEY_NSHumanReadableCopyright = "";
				INSTALL_PATH = "$(LOCAL_LIBRARY_DIR)/Frameworks";
				LD_RUNPATH_SEARCH_PATHS = (
					"$(inherited)",
					"@executable_path/../Frameworks",
					"@loader_path/Frameworks",
				);
				MARKETING_VERSION = 1.0;
				MODULE_VERIFIER_SUPPORTED_LANGUAGES = "objective-c objective-c++";
				MODULE_VERIFIER_SUPPORTED_LANGUAGE_STANDARDS = "gnu17 gnu++20";
				PRODUCT_BUNDLE_IDENTIFIER = vlaanderen.kevin.aoc2024Framework;
				PRODUCT_NAME = "$(TARGET_NAME:c99extidentifier)";
				SKIP_INSTALL = YES;
				SWIFT_EMIT_LOC_STRINGS = YES;
				SWIFT_INSTALL_OBJC_HEADER = NO;
				SWIFT_VERSION = 6.0;
			};
			name = Debug;
		};
		97162CDA2D0483CD005ACCA9 /* Release */ = {
			isa = XCBuildConfiguration;
			buildSettings = {
				BUILD_LIBRARY_FOR_DISTRIBUTION = YES;
				CODE_SIGN_STYLE = Automatic;
				COMBINE_HIDPI_IMAGES = YES;
				CURRENT_PROJECT_VERSION = 1;
				DEFINES_MODULE = YES;
				DYLIB_COMPATIBILITY_VERSION = 1;
				DYLIB_CURRENT_VERSION = 1;
				DYLIB_INSTALL_NAME_BASE = "@rpath";
				ENABLE_MODULE_VERIFIER = YES;
				GENERATE_INFOPLIST_FILE = YES;
				INFOPLIST_KEY_NSHumanReadableCopyright = "";
				INSTALL_PATH = "$(LOCAL_LIBRARY_DIR)/Frameworks";
				LD_RUNPATH_SEARCH_PATHS = (
					"$(inherited)",
					"@executable_path/../Frameworks",
					"@loader_path/Frameworks",
				);
				MARKETING_VERSION = 1.0;
				MODULE_VERIFIER_SUPPORTED_LANGUAGES = "objective-c objective-c++";
				MODULE_VERIFIER_SUPPORTED_LANGUAGE_STANDARDS = "gnu17 gnu++20";
				PRODUCT_BUNDLE_IDENTIFIER = vlaanderen.kevin.aoc2024Framework;
				PRODUCT_NAME = "$(TARGET_NAME:c99extidentifier)";
				SKIP_INSTALL = YES;
				SWIFT_EMIT_LOC_STRINGS = YES;
				SWIFT_INSTALL_OBJC_HEADER = NO;
				SWIFT_VERSION = 6.0;
			};
			name = Release;
		};
		9786B9382CFB6AA90041D520 /* Debug */ = {
			isa = XCBuildConfiguration;
			buildSettings = {
				BUILD_LIBRARY_FOR_DISTRIBUTION = YES;
				CLANG_ENABLE_MODULES = YES;
				CODE_SIGN_STYLE = Automatic;
				COMBINE_HIDPI_IMAGES = YES;
				CURRENT_PROJECT_VERSION = 1;
				DEFINES_MODULE = YES;
				DYLIB_COMPATIBILITY_VERSION = 1;
				DYLIB_CURRENT_VERSION = 1;
				DYLIB_INSTALL_NAME_BASE = "@rpath";
				ENABLE_MODULE_VERIFIER = YES;
				GENERATE_INFOPLIST_FILE = YES;
				INFOPLIST_KEY_NSHumanReadableCopyright = "";
				INSTALL_PATH = "$(LOCAL_LIBRARY_DIR)/Frameworks";
				LD_RUNPATH_SEARCH_PATHS = (
					"$(inherited)",
					"@executable_path/../Frameworks",
					"@loader_path/Frameworks",
				);
				MARKETING_VERSION = 1.0;
				MODULE_VERIFIER_SUPPORTED_LANGUAGES = "objective-c objective-c++";
				MODULE_VERIFIER_SUPPORTED_LANGUAGE_STANDARDS = "gnu17 gnu++20";
				PRODUCT_BUNDLE_IDENTIFIER = vlaanderen.kevin.aoc2024;
				PRODUCT_NAME = "$(TARGET_NAME:c99extidentifier)";
				SKIP_INSTALL = YES;
				SWIFT_EMIT_LOC_STRINGS = YES;
				SWIFT_INSTALL_OBJC_HEADER = NO;
				SWIFT_OPTIMIZATION_LEVEL = "-Onone";
				SWIFT_VERSION = 6.0;
			};
			name = Debug;
		};
		9786B9392CFB6AA90041D520 /* Release */ = {
			isa = XCBuildConfiguration;
			buildSettings = {
				BUILD_LIBRARY_FOR_DISTRIBUTION = YES;
				CLANG_ENABLE_MODULES = YES;
				CODE_SIGN_STYLE = Automatic;
				COMBINE_HIDPI_IMAGES = YES;
				CURRENT_PROJECT_VERSION = 1;
				DEFINES_MODULE = YES;
				DYLIB_COMPATIBILITY_VERSION = 1;
				DYLIB_CURRENT_VERSION = 1;
				DYLIB_INSTALL_NAME_BASE = "@rpath";
				ENABLE_MODULE_VERIFIER = YES;
				GENERATE_INFOPLIST_FILE = YES;
				INFOPLIST_KEY_NSHumanReadableCopyright = "";
				INSTALL_PATH = "$(LOCAL_LIBRARY_DIR)/Frameworks";
				LD_RUNPATH_SEARCH_PATHS = (
					"$(inherited)",
					"@executable_path/../Frameworks",
					"@loader_path/Frameworks",
				);
				MARKETING_VERSION = 1.0;
				MODULE_VERIFIER_SUPPORTED_LANGUAGES = "objective-c objective-c++";
				MODULE_VERIFIER_SUPPORTED_LANGUAGE_STANDARDS = "gnu17 gnu++20";
				PRODUCT_BUNDLE_IDENTIFIER = vlaanderen.kevin.aoc2024;
				PRODUCT_NAME = "$(TARGET_NAME:c99extidentifier)";
				SKIP_INSTALL = YES;
				SWIFT_EMIT_LOC_STRINGS = YES;
				SWIFT_INSTALL_OBJC_HEADER = NO;
				SWIFT_VERSION = 6.0;
			};
			name = Release;
		};
		9786B93A2CFB6AA90041D520 /* Debug */ = {
			isa = XCBuildConfiguration;
			buildSettings = {
				ALWAYS_SEARCH_USER_PATHS = NO;
				ASSETCATALOG_COMPILER_GENERATE_SWIFT_ASSET_SYMBOL_EXTENSIONS = YES;
				CLANG_ANALYZER_NONNULL = YES;
				CLANG_ANALYZER_NUMBER_OBJECT_CONVERSION = YES_AGGRESSIVE;
				CLANG_CXX_LANGUAGE_STANDARD = "gnu++20";
				CLANG_ENABLE_MODULES = YES;
				CLANG_ENABLE_OBJC_ARC = YES;
				CLANG_ENABLE_OBJC_WEAK = YES;
				CLANG_WARN_BLOCK_CAPTURE_AUTORELEASING = YES;
				CLANG_WARN_BOOL_CONVERSION = YES;
				CLANG_WARN_COMMA = YES;
				CLANG_WARN_CONSTANT_CONVERSION = YES;
				CLANG_WARN_DEPRECATED_OBJC_IMPLEMENTATIONS = YES;
				CLANG_WARN_DIRECT_OBJC_ISA_USAGE = YES_ERROR;
				CLANG_WARN_DOCUMENTATION_COMMENTS = YES;
				CLANG_WARN_EMPTY_BODY = YES;
				CLANG_WARN_ENUM_CONVERSION = YES;
				CLANG_WARN_INFINITE_RECURSION = YES;
				CLANG_WARN_INT_CONVERSION = YES;
				CLANG_WARN_NON_LITERAL_NULL_CONVERSION = YES;
				CLANG_WARN_OBJC_IMPLICIT_RETAIN_SELF = YES;
				CLANG_WARN_OBJC_LITERAL_CONVERSION = YES;
				CLANG_WARN_OBJC_ROOT_CLASS = YES_ERROR;
				CLANG_WARN_QUOTED_INCLUDE_IN_FRAMEWORK_HEADER = YES;
				CLANG_WARN_RANGE_LOOP_ANALYSIS = YES;
				CLANG_WARN_STRICT_PROTOTYPES = YES;
				CLANG_WARN_SUSPICIOUS_MOVE = YES;
				CLANG_WARN_UNGUARDED_AVAILABILITY = YES_AGGRESSIVE;
				CLANG_WARN_UNREACHABLE_CODE = YES;
				CLANG_WARN__DUPLICATE_METHOD_MATCH = YES;
				COPY_PHASE_STRIP = NO;
				CURRENT_PROJECT_VERSION = 1;
				DEBUG_INFORMATION_FORMAT = dwarf;
				ENABLE_STRICT_OBJC_MSGSEND = YES;
				ENABLE_TESTABILITY = YES;
				ENABLE_USER_SCRIPT_SANDBOXING = YES;
				GCC_C_LANGUAGE_STANDARD = gnu17;
				GCC_DYNAMIC_NO_PIC = NO;
				GCC_NO_COMMON_BLOCKS = YES;
				GCC_OPTIMIZATION_LEVEL = 0;
				GCC_PREPROCESSOR_DEFINITIONS = (
					"DEBUG=1",
					"$(inherited)",
				);
				GCC_WARN_64_TO_32_BIT_CONVERSION = YES;
				GCC_WARN_ABOUT_RETURN_TYPE = YES_ERROR;
				GCC_WARN_UNDECLARED_SELECTOR = YES;
				GCC_WARN_UNINITIALIZED_AUTOS = YES_AGGRESSIVE;
				GCC_WARN_UNUSED_FUNCTION = YES;
				GCC_WARN_UNUSED_VARIABLE = YES;
				LOCALIZATION_PREFERS_STRING_CATALOGS = YES;
				MACOSX_DEPLOYMENT_TARGET = 15.1;
				MTL_ENABLE_DEBUG_INFO = INCLUDE_SOURCE;
				MTL_FAST_MATH = YES;
				ONLY_ACTIVE_ARCH = YES;
				SDKROOT = macosx;
				SWIFT_ACTIVE_COMPILATION_CONDITIONS = "DEBUG $(inherited)";
				SWIFT_EMIT_LOC_STRINGS = YES;
				SWIFT_OPTIMIZATION_LEVEL = "-Onone";
				VERSIONING_SYSTEM = "apple-generic";
				VERSION_INFO_PREFIX = "";
			};
			name = Debug;
		};
		9786B93B2CFB6AA90041D520 /* Release */ = {
			isa = XCBuildConfiguration;
			buildSettings = {
				ALWAYS_SEARCH_USER_PATHS = NO;
				ASSETCATALOG_COMPILER_GENERATE_SWIFT_ASSET_SYMBOL_EXTENSIONS = YES;
				CLANG_ANALYZER_NONNULL = YES;
				CLANG_ANALYZER_NUMBER_OBJECT_CONVERSION = YES_AGGRESSIVE;
				CLANG_CXX_LANGUAGE_STANDARD = "gnu++20";
				CLANG_ENABLE_MODULES = YES;
				CLANG_ENABLE_OBJC_ARC = YES;
				CLANG_ENABLE_OBJC_WEAK = YES;
				CLANG_WARN_BLOCK_CAPTURE_AUTORELEASING = YES;
				CLANG_WARN_BOOL_CONVERSION = YES;
				CLANG_WARN_COMMA = YES;
				CLANG_WARN_CONSTANT_CONVERSION = YES;
				CLANG_WARN_DEPRECATED_OBJC_IMPLEMENTATIONS = YES;
				CLANG_WARN_DIRECT_OBJC_ISA_USAGE = YES_ERROR;
				CLANG_WARN_DOCUMENTATION_COMMENTS = YES;
				CLANG_WARN_EMPTY_BODY = YES;
				CLANG_WARN_ENUM_CONVERSION = YES;
				CLANG_WARN_INFINITE_RECURSION = YES;
				CLANG_WARN_INT_CONVERSION = YES;
				CLANG_WARN_NON_LITERAL_NULL_CONVERSION = YES;
				CLANG_WARN_OBJC_IMPLICIT_RETAIN_SELF = YES;
				CLANG_WARN_OBJC_LITERAL_CONVERSION = YES;
				CLANG_WARN_OBJC_ROOT_CLASS = YES_ERROR;
				CLANG_WARN_QUOTED_INCLUDE_IN_FRAMEWORK_HEADER = YES;
				CLANG_WARN_RANGE_LOOP_ANALYSIS = YES;
				CLANG_WARN_STRICT_PROTOTYPES = YES;
				CLANG_WARN_SUSPICIOUS_MOVE = YES;
				CLANG_WARN_UNGUARDED_AVAILABILITY = YES_AGGRESSIVE;
				CLANG_WARN_UNREACHABLE_CODE = YES;
				CLANG_WARN__DUPLICATE_METHOD_MATCH = YES;
				COPY_PHASE_STRIP = NO;
				CURRENT_PROJECT_VERSION = 1;
				DEBUG_INFORMATION_FORMAT = "dwarf-with-dsym";
				ENABLE_NS_ASSERTIONS = NO;
				ENABLE_STRICT_OBJC_MSGSEND = YES;
				ENABLE_USER_SCRIPT_SANDBOXING = YES;
				GCC_C_LANGUAGE_STANDARD = gnu17;
				GCC_NO_COMMON_BLOCKS = YES;
				GCC_WARN_64_TO_32_BIT_CONVERSION = YES;
				GCC_WARN_ABOUT_RETURN_TYPE = YES_ERROR;
				GCC_WARN_UNDECLARED_SELECTOR = YES;
				GCC_WARN_UNINITIALIZED_AUTOS = YES_AGGRESSIVE;
				GCC_WARN_UNUSED_FUNCTION = YES;
				GCC_WARN_UNUSED_VARIABLE = YES;
				LOCALIZATION_PREFERS_STRING_CATALOGS = YES;
				MACOSX_DEPLOYMENT_TARGET = 15.1;
				MTL_ENABLE_DEBUG_INFO = NO;
				MTL_FAST_MATH = YES;
				SDKROOT = macosx;
				SWIFT_COMPILATION_MODE = wholemodule;
				SWIFT_EMIT_LOC_STRINGS = YES;
				VERSIONING_SYSTEM = "apple-generic";
				VERSION_INFO_PREFIX = "";
			};
			name = Release;
		};
		9786B93D2CFB6AA90041D520 /* Debug */ = {
			isa = XCBuildConfiguration;
			buildSettings = {
				CODE_SIGN_STYLE = Automatic;
				CURRENT_PROJECT_VERSION = 1;
				GENERATE_INFOPLIST_FILE = YES;
				MARKETING_VERSION = 1.0;
				PRODUCT_BUNDLE_IDENTIFIER = vlaanderen.kevin.aoc2024Tests;
				PRODUCT_NAME = "$(TARGET_NAME)";
				SWIFT_EMIT_LOC_STRINGS = NO;
				SWIFT_VERSION = 6.0;
			};
			name = Debug;
		};
		9786B93E2CFB6AA90041D520 /* Release */ = {
			isa = XCBuildConfiguration;
			buildSettings = {
				CODE_SIGN_STYLE = Automatic;
				CURRENT_PROJECT_VERSION = 1;
				GENERATE_INFOPLIST_FILE = YES;
				MARKETING_VERSION = 1.0;
				PRODUCT_BUNDLE_IDENTIFIER = vlaanderen.kevin.aoc2024Tests;
				PRODUCT_NAME = "$(TARGET_NAME)";
				SWIFT_EMIT_LOC_STRINGS = NO;
				SWIFT_VERSION = 6.0;
			};
			name = Release;
		};
/* End XCBuildConfiguration section */

/* Begin XCConfigurationList section */
		97162CB02D047DFB005ACCA9 /* Build configuration list for PBXNativeTarget "aoc2024" */ = {
			isa = XCConfigurationList;
			buildConfigurations = (
				97162CB12D047DFB005ACCA9 /* Debug */,
				97162CB22D047DFB005ACCA9 /* Release */,
			);
			defaultConfigurationIsVisible = 0;
			defaultConfigurationName = Release;
		};
		97162CC92D048362005ACCA9 /* Build configuration list for PBXNativeTarget "aoc2024Data" */ = {
			isa = XCConfigurationList;
			buildConfigurations = (
				97162CCA2D048362005ACCA9 /* Debug */,
				97162CCB2D048362005ACCA9 /* Release */,
			);
			defaultConfigurationIsVisible = 0;
			defaultConfigurationName = Release;
		};
		97162CD82D0483CD005ACCA9 /* Build configuration list for PBXNativeTarget "aoc2024Framework" */ = {
			isa = XCConfigurationList;
			buildConfigurations = (
				97162CD92D0483CD005ACCA9 /* Debug */,
				97162CDA2D0483CD005ACCA9 /* Release */,
			);
			defaultConfigurationIsVisible = 0;
			defaultConfigurationName = Release;
		};
		9786B9202CFB6AA90041D520 /* Build configuration list for PBXProject "aoc2024" */ = {
			isa = XCConfigurationList;
			buildConfigurations = (
				9786B93A2CFB6AA90041D520 /* Debug */,
				9786B93B2CFB6AA90041D520 /* Release */,
			);
			defaultConfigurationIsVisible = 0;
			defaultConfigurationName = Release;
		};
		9786B9372CFB6AA90041D520 /* Build configuration list for PBXNativeTarget "aoc2024Tasks" */ = {
			isa = XCConfigurationList;
			buildConfigurations = (
				9786B9382CFB6AA90041D520 /* Debug */,
				9786B9392CFB6AA90041D520 /* Release */,
			);
			defaultConfigurationIsVisible = 0;
			defaultConfigurationName = Release;
		};
		9786B93C2CFB6AA90041D520 /* Build configuration list for PBXNativeTarget "aoc2024Tests" */ = {
			isa = XCConfigurationList;
			buildConfigurations = (
				9786B93D2CFB6AA90041D520 /* Debug */,
				9786B93E2CFB6AA90041D520 /* Release */,
			);
			defaultConfigurationIsVisible = 0;
			defaultConfigurationName = Release;
		};
/* End XCConfigurationList section */

/* Begin XCRemoteSwiftPackageReference section */
		97162C652D0170ED005ACCA9 /* XCRemoteSwiftPackageReference "SwiftGraph" */ = {
			isa = XCRemoteSwiftPackageReference;
			repositoryURL = "https://github.com/davecom/SwiftGraph";
			requirement = {
				kind = upToNextMajorVersion;
				minimumVersion = 3.1.0;
			};
		};
		97162CBC2D04825C005ACCA9 /* XCRemoteSwiftPackageReference "swift-benchmark" */ = {
			isa = XCRemoteSwiftPackageReference;
			repositoryURL = "https://github.com/google/swift-benchmark";
			requirement = {
				kind = upToNextMajorVersion;
				minimumVersion = 0.1.2;
			};
		};
		971CF2842CFC6A4800C6D41E /* XCRemoteSwiftPackageReference "swift-algorithms" */ = {
			isa = XCRemoteSwiftPackageReference;
			repositoryURL = "https://github.com/apple/swift-algorithms.git";
			requirement = {
				kind = upToNextMajorVersion;
				minimumVersion = 1.2.0;
			};
		};
/* End XCRemoteSwiftPackageReference section */

/* Begin XCSwiftPackageProductDependency section */
		97162C662D0170ED005ACCA9 /* SwiftGraph */ = {
			isa = XCSwiftPackageProductDependency;
			package = 97162C652D0170ED005ACCA9 /* XCRemoteSwiftPackageReference "SwiftGraph" */;
			productName = SwiftGraph;
		};
		97162CBD2D04825C005ACCA9 /* Benchmark */ = {
			isa = XCSwiftPackageProductDependency;
			package = 97162CBC2D04825C005ACCA9 /* XCRemoteSwiftPackageReference "swift-benchmark" */;
			productName = Benchmark;
		};
		971CF2852CFC6A4800C6D41E /* Algorithms */ = {
			isa = XCSwiftPackageProductDependency;
			package = 971CF2842CFC6A4800C6D41E /* XCRemoteSwiftPackageReference "swift-algorithms" */;
			productName = Algorithms;
		};
/* End XCSwiftPackageProductDependency section */
	};
	rootObject = 9786B91D2CFB6AA90041D520 /* Project object */;
}
